# @generated by Move, please check-in and do not edit manually.

[move]
version = 3
manifest_digest = "8240299038D9531B814D377D42F1147C93C78F05835D9247175F11CC3F6EC4AB"
deps_digest = "F8BBB0CCB2491CA29A3DF03D6F92277A4F3574266507ACD77214D37ECA3F3082"
dependencies = [
  { id = "Sui", name = "Sui" },
]

[[move.package]]
id = "MoveStdlib"
source = { git = "https://github.com/MystenLabs/sui.git", rev = "framework/testnet", subdir = "crates/sui-framework/packages/move-stdlib" }

[[move.package]]
id = "Sui"
source = { git = "https://github.com/MystenLabs/sui.git", rev = "framework/testnet", subdir = "crates/sui-framework/packages/sui-framework" }

dependencies = [
  { id = "MoveStdlib", name = "MoveStdlib" },
]

[move.toolchain-version]
compiler-version = "1.48.1"
edition = "2024.beta"
flavor = "sui"

[env]

[env.testnet]
chain-id = "4c78adac"
original-published-id = "0xff744af12fc4de6eae0af442ec787adbab873a9f18b36efcb95591d1f1e95f41"
latest-published-id = "0xff744af12fc4de6eae0af442ec787adbab873a9f18b36efcb95591d1f1e95f41"
published-version = "1"
